
Microsoft Visual Studio Solution File, Format Version 12.00
# Visual Studio Version 17
VisualStudioVersion = 17.13.35931.197
MinimumVisualStudioVersion = 10.0.40219.1
Project("{FAE04EC0-301F-11D3-BF4B-00C04F79EFBC}") = "Calcu", "Consola\Calcu.csproj", "{55588C52-E0CE-4596-AF82-401E1A376DD3}"
EndProject
Project("{FAE04EC0-301F-11D3-BF4B-00C04F79EFBC}") = "WindowsForms", "WindowsForms\WindowsForms.csproj", "{30C98523-01DE-4369-AA24-C6EF8BCFF368}"
EndProject
Project("{FAE04EC0-301F-11D3-BF4B-00C04F79EFBC}") = "AplicacionWebASP.NET.Core", "AplicacionWebASP.NET.Core\AplicacionWebASP.NET.Core.csproj", "{0B5E94B8-3731-413E-BF52-14CF64FB067A}"
EndProject
Project("{FAE04EC0-301F-11D3-BF4B-00C04F79EFBC}") = "BlazorAppWebAssembly", "BlazorAppWebAssembly\BlazorAppWebAssembly.csproj", "{F20E4679-796A-4CE9-93FA-FB4F6A9E1042}"
EndProject
Project("{FAE04EC0-301F-11D3-BF4B-00C04F79EFBC}") = "AppNetMaui", "AppNetMaui\AppNetMaui.csproj", "{0F9E5AA1-54C4-43E3-9FE7-E1A13D5898CF}"
EndProject
Project("{FAE04EC0-301F-11D3-BF4B-00C04F79EFBC}") = "WindowsPresentationFoundation", "WindowsPresentationFoundation\WindowsPresentationFoundation.csproj", "{61792F26-5530-4561-A5CD-87EA7374F0D1}"
EndProject
Global
	GlobalSection(SolutionConfigurationPlatforms) = preSolution
		Debug|Any CPU = Debug|Any CPU
		Release|Any CPU = Release|Any CPU
	EndGlobalSection
	GlobalSection(ProjectConfigurationPlatforms) = postSolution
		{55588C52-E0CE-4596-AF82-401E1A376DD3}.Debug|Any CPU.ActiveCfg = Debug|Any CPU
		{55588C52-E0CE-4596-AF82-401E1A376DD3}.Debug|Any CPU.Build.0 = Debug|Any CPU
		{55588C52-E0CE-4596-AF82-401E1A376DD3}.Release|Any CPU.ActiveCfg = Release|Any CPU
		{55588C52-E0CE-4596-AF82-401E1A376DD3}.Release|Any CPU.Build.0 = Release|Any CPU
		{30C98523-01DE-4369-AA24-C6EF8BCFF368}.Debug|Any CPU.ActiveCfg = Debug|Any CPU
		{30C98523-01DE-4369-AA24-C6EF8BCFF368}.Debug|Any CPU.Build.0 = Debug|Any CPU
		{30C98523-01DE-4369-AA24-C6EF8BCFF368}.Release|Any CPU.ActiveCfg = Release|Any CPU
		{30C98523-01DE-4369-AA24-C6EF8BCFF368}.Release|Any CPU.Build.0 = Release|Any CPU
		{0B5E94B8-3731-413E-BF52-14CF64FB067A}.Debug|Any CPU.ActiveCfg = Debug|Any CPU
		{0B5E94B8-3731-413E-BF52-14CF64FB067A}.Debug|Any CPU.Build.0 = Debug|Any CPU
		{0B5E94B8-3731-413E-BF52-14CF64FB067A}.Release|Any CPU.ActiveCfg = Release|Any CPU
		{0B5E94B8-3731-413E-BF52-14CF64FB067A}.Release|Any CPU.Build.0 = Release|Any CPU
		{F20E4679-796A-4CE9-93FA-FB4F6A9E1042}.Debug|Any CPU.ActiveCfg = Debug|Any CPU
		{F20E4679-796A-4CE9-93FA-FB4F6A9E1042}.Debug|Any CPU.Build.0 = Debug|Any CPU
		{F20E4679-796A-4CE9-93FA-FB4F6A9E1042}.Release|Any CPU.ActiveCfg = Release|Any CPU
		{F20E4679-796A-4CE9-93FA-FB4F6A9E1042}.Release|Any CPU.Build.0 = Release|Any CPU
		{0F9E5AA1-54C4-43E3-9FE7-E1A13D5898CF}.Debug|Any CPU.ActiveCfg = Debug|Any CPU
		{0F9E5AA1-54C4-43E3-9FE7-E1A13D5898CF}.Debug|Any CPU.Build.0 = Debug|Any CPU
		{0F9E5AA1-54C4-43E3-9FE7-E1A13D5898CF}.Debug|Any CPU.Deploy.0 = Debug|Any CPU
		{0F9E5AA1-54C4-43E3-9FE7-E1A13D5898CF}.Release|Any CPU.ActiveCfg = Release|Any CPU
		{0F9E5AA1-54C4-43E3-9FE7-E1A13D5898CF}.Release|Any CPU.Build.0 = Release|Any CPU
		{0F9E5AA1-54C4-43E3-9FE7-E1A13D5898CF}.Release|Any CPU.Deploy.0 = Release|Any CPU
		{61792F26-5530-4561-A5CD-87EA7374F0D1}.Debug|Any CPU.ActiveCfg = Debug|Any CPU
		{61792F26-5530-4561-A5CD-87EA7374F0D1}.Debug|Any CPU.Build.0 = Debug|Any CPU
		{61792F26-5530-4561-A5CD-87EA7374F0D1}.Release|Any CPU.ActiveCfg = Release|Any CPU
		{61792F26-5530-4561-A5CD-87EA7374F0D1}.Release|Any CPU.Build.0 = Release|Any CPU
	EndGlobalSection
	GlobalSection(SolutionProperties) = preSolution
		HideSolutionNode = FALSE
	EndGlobalSection
	GlobalSection(ExtensibilityGlobals) = postSolution
		SolutionGuid = {8B0CE135-00CD-43C3-BA3F-DAD8D5881C9A}
	EndGlobalSection
EndGlobal
